
Microsoft Visual Studio Solution File, Format Version 12.00
# Visual Studio Version 17
VisualStudioVersion = 17.9.34622.214
MinimumVisualStudioVersion = 10.0.40219.1
Project("{9A19103F-16F7-4668-BE54-9A1E7A4F7556}") = "MIBC", "MIBC.csproj", "{10D2CE53-6D4D-4B55-849C-1CDC825C28D1}"
EndProject
Global
	GlobalSection(SolutionConfigurationPlatforms) = preSolution
		Debug|Any CPU = Debug|Any CPU
		Release|Any CPU = Release|Any CPU
	EndGlobalSection
	GlobalSection(ProjectConfigurationPlatforms) = postSolution
		{10D2CE53-6D4D-4B55-849C-1CDC825C28D1}.Debug|Any CPU.ActiveCfg = Debug|Any CPU
		{10D2CE53-6D4D-4B55-849C-1CDC825C28D1}.Debug|Any CPU.Build.0 = Debug|Any CPU
		{10D2CE53-6D4D-4B55-849C-1CDC825C28D1}.Release|Any CPU.ActiveCfg = Release|Any CPU
		{10D2CE53-6D4D-4B55-849C-1CDC825C28D1}.Release|Any CPU.Build.0 = Release|Any CPU
	EndGlobalSection
	GlobalSection(SolutionProperties) = preSolution
		HideSolutionNode = FALSE
	EndGlobalSection
	GlobalSection(ExtensibilityGlobals) = postSolution
		SolutionGuid = {CC2479A7-C879-411D-AE6A-797D26791344}
	EndGlobalSection
EndGlobal
